
Microsoft Visual Studio Solution File, Format Version 12.00
# Visual Studio Version 17
VisualStudioVersion = 17.8.34511.84
MinimumVisualStudioVersion = 10.0.40219.1
Project("{FAE04EC0-301F-11D3-BF4B-00C04F79EFBC}") = "CSharpProjectTutorialExcercises", "CSharpProjectTutorialExcercises\CSharpProjectTutorialExcercises.csproj", "{36127758-7457-44EA-A7B6-50203489B7F8}"
EndProject
Global
	GlobalSection(SolutionConfigurationPlatforms) = preSolution
		Debug|Any CPU = Debug|Any CPU
		Release|Any CPU = Release|Any CPU
	EndGlobalSection
	GlobalSection(ProjectConfigurationPlatforms) = postSolution
		{36127758-7457-44EA-A7B6-50203489B7F8}.Debug|Any CPU.ActiveCfg = Debug|Any CPU
		{36127758-7457-44EA-A7B6-50203489B7F8}.Debug|Any CPU.Build.0 = Debug|Any CPU
		{36127758-7457-44EA-A7B6-50203489B7F8}.Release|Any CPU.ActiveCfg = Release|Any CPU
		{36127758-7457-44EA-A7B6-50203489B7F8}.Release|Any CPU.Build.0 = Release|Any CPU
	EndGlobalSection
	GlobalSection(SolutionProperties) = preSolution
		HideSolutionNode = FALSE
	EndGlobalSection
	GlobalSection(ExtensibilityGlobals) = postSolution
		SolutionGuid = {FB731C91-8044-4B5F-874B-F0C91945394A}
	EndGlobalSection
EndGlobal
